// !$*UTF8*$!
{
	archiveVersion = 1;
	classes = {
	};
	objectVersion = 46;
	objects = {

/* Begin PBXBuildFile section */
		8F54CA371DA4298500221131 /* main.mm in Sources */ = {isa = PBXBuildFile; fileRef = 8F54CA361DA4298500221131 /* main.mm */; };
		8F54CA521DA4363200221131 /* libMachObjC.a in Frameworks */ = {isa = PBXBuildFile; fileRef = 8F54CA421DA429A600221131 /* libMachObjC.a */; };
/* End PBXBuildFile section */

/* Begin PBXContainerItemProxy section */
		8F54CA411DA429A600221131 /* PBXContainerItemProxy */ = {
			isa = PBXContainerItemProxy;
			containerPortal = 8F54CA381DA429A600221131 /* class-dump.xcodeproj */;
			proxyType = 2;
			remoteGlobalIDString = 013D1F1113A5AE5A00BF0A67;
			remoteInfo = MachObjC;
		};
		8F54CA431DA429A600221131 /* PBXContainerItemProxy */ = {
			isa = PBXContainerItemProxy;
			containerPortal = 8F54CA381DA429A600221131 /* class-dump.xcodeproj */;
			proxyType = 2;
			remoteGlobalIDString = 01EB825F13A590D9003EDE60;
			remoteInfo = "class-dump";
		};
		8F54CA451DA429A600221131 /* PBXContainerItemProxy */ = {
			isa = PBXContainerItemProxy;
			containerPortal = 8F54CA381DA429A600221131 /* class-dump.xcodeproj */;
			proxyType = 2;
			remoteGlobalIDString = 013D1EFB13A5A0F100BF0A67;
			remoteInfo = deprotect;
		};
		8F54CA471DA429A600221131 /* PBXContainerItemProxy */ = {
			isa = PBXContainerItemProxy;
			containerPortal = 8F54CA381DA429A600221131 /* class-dump.xcodeproj */;
			proxyType = 2;
			remoteGlobalIDString = 01B02CFF13A5B0DC0047BC53;
			remoteInfo = formatType;
		};
		8F54CA491DA429A600221131 /* PBXContainerItemProxy */ = {
			isa = PBXContainerItemProxy;
			containerPortal = 8F54CA381DA429A600221131 /* class-dump.xcodeproj */;
			proxyType = 2;
			remoteGlobalIDString = 0165B8B11827137D00CC647F;
			remoteInfo = UnitTests;
		};
		8F9B90F71DA5028700F54214 /* PBXContainerItemProxy */ = {
			isa = PBXContainerItemProxy;
			containerPortal = 8F54CA381DA429A600221131 /* class-dump.xcodeproj */;
			proxyType = 1;
			remoteGlobalIDString = 013D1F1013A5AE5A00BF0A67;
			remoteInfo = MachObjC;
		};
/* End PBXContainerItemProxy section */

/* Begin PBXCopyFilesBuildPhase section */
		8F54CA291DA4292900221131 /* CopyFiles */ = {
			isa = PBXCopyFilesBuildPhase;
			buildActionMask = 2147483647;
			dstPath = /usr/share/man/man1/;
			dstSubfolderSpec = 0;
			files = (
			);
			runOnlyForDeploymentPostprocessing = 1;
		};
/* End PBXCopyFilesBuildPhase section */

/* Begin PBXFileReference section */
		8F54CA2B1DA4292900221131 /* app2dylib */ = {isa = PBXFileReference; explicitFileType = "compiled.mach-o.executable"; includeInIndex = 0; path = app2dylib; sourceTree = BUILT_PRODUCTS_DIR; };
		8F54CA361DA4298500221131 /* main.mm */ = {isa = PBXFileReference; fileEncoding = 4; lastKnownFileType = sourcecode.cpp.objcpp; path = main.mm; sourceTree = "<group>"; };
		8F54CA381DA429A600221131 /* class-dump.xcodeproj */ = {isa = PBXFileReference; lastKnownFileType = "wrapper.pb-project"; name = "class-dump.xcodeproj"; path = "class-dump/class-dump.xcodeproj"; sourceTree = "<group>"; };
		8F54CA5A1DA441E000221131 /* app2dylib_template.hpp */ = {isa = PBXFileReference; fileEncoding = 4; lastKnownFileType = sourcecode.cpp.h; path = app2dylib_template.hpp; sourceTree = "<group>"; };
/* End PBXFileReference section */

/* Begin PBXFrameworksBuildPhase section */
		8F54CA281DA4292900221131 /* Frameworks */ = {
			isa = PBXFrameworksBuildPhase;
			buildActionMask = 2147483647;
			files = (
				8F54CA521DA4363200221131 /* libMachObjC.a in Frameworks */,
			);
			runOnlyForDeploymentPostprocessing = 0;
		};
/* End PBXFrameworksBuildPhase section */

/* Begin PBXGroup section */
		8F54CA221DA4292900221131 = {
			isa = PBXGroup;
			children = (
				8F54CA381DA429A600221131 /* class-dump.xcodeproj */,
				8F54CA351DA4296700221131 /* src */,
				8F54CA2C1DA4292900221131 /* Products */,
			);
			sourceTree = "<group>";
		};
		8F54CA2C1DA4292900221131 /* Products */ = {
			isa = PBXGroup;
			children = (
				8F54CA2B1DA4292900221131 /* app2dylib */,
			);
			name = Products;
			sourceTree = "<group>";
		};
		8F54CA351DA4296700221131 /* src */ = {
			isa = PBXGroup;
			children = (
				8F54CA361DA4298500221131 /* main.mm */,
				8F54CA5A1DA441E000221131 /* app2dylib_template.hpp */,
			);
			path = src;
			sourceTree = "<group>";
		};
		8F54CA391DA429A600221131 /* Products */ = {
			isa = PBXGroup;
			children = (
				8F54CA421DA429A600221131 /* libMachObjC.a */,
				8F54CA441DA429A600221131 /* class-dump */,
				8F54CA461DA429A600221131 /* deprotect */,
				8F54CA481DA429A600221131 /* formatType */,
				8F54CA4A1DA429A600221131 /* UnitTests.xctest */,
			);
			name = Products;
			sourceTree = "<group>";
		};
/* End PBXGroup section */

/* Begin PBXNativeTarget section */
		8F54CA2A1DA4292900221131 /* app2dylib */ = {
			isa = PBXNativeTarget;
			buildConfigurationList = 8F54CA321DA4292900221131 /* Build configuration list for PBXNativeTarget "app2dylib" */;
			buildPhases = (
				8F54CA271DA4292900221131 /* Sources */,
				8F54CA281DA4292900221131 /* Frameworks */,
				8F54CA291DA4292900221131 /* CopyFiles */,
			);
			buildRules = (
			);
			dependencies = (
				8F9B90F81DA5028700F54214 /* PBXTargetDependency */,
			);
			name = app2dylib;
			productName = app2dylib;
			productReference = 8F54CA2B1DA4292900221131 /* app2dylib */;
			productType = "com.apple.product-type.tool";
		};
/* End PBXNativeTarget section */

/* Begin PBXProject section */
		8F54CA231DA4292900221131 /* Project object */ = {
			isa = PBXProject;
			attributes = {
				LastUpgradeCheck = 0800;
				ORGANIZATIONNAME = Jun;
				TargetAttributes = {
					8F54CA2A1DA4292900221131 = {
						CreatedOnToolsVersion = 8.0;
						ProvisioningStyle = Automatic;
					};
				};
			};
			buildConfigurationList = 8F54CA261DA4292900221131 /* Build configuration list for PBXProject "app2dylib" */;
			compatibilityVersion = "Xcode 3.2";
			developmentRegion = English;
			hasScannedForEncodings = 0;
			knownRegions = (
				en,
			);
			mainGroup = 8F54CA221DA4292900221131;
			productRefGroup = 8F54CA2C1DA4292900221131 /* Products */;
			projectDirPath = "";
			projectReferences = (
				{
					ProductGroup = 8F54CA391DA429A600221131 /* Products */;
					ProjectRef = 8F54CA381DA429A600221131 /* class-dump.xcodeproj */;
				},
			);
			projectRoot = "";
			targets = (
				8F54CA2A1DA4292900221131 /* app2dylib */,
			);
		};
/* End PBXProject section */

/* Begin PBXReferenceProxy section */
		8F54CA421DA429A600221131 /* libMachObjC.a */ = {
			isa = PBXReferenceProxy;
			fileType = archive.ar;
			path = libMachObjC.a;
			remoteRef = 8F54CA411DA429A600221131 /* PBXContainerItemProxy */;
			sourceTree = BUILT_PRODUCTS_DIR;
		};
		8F54CA441DA429A600221131 /* class-dump */ = {
			isa = PBXReferenceProxy;
			fileType = "compiled.mach-o.executable";
			path = "class-dump";
			remoteRef = 8F54CA431DA429A600221131 /* PBXContainerItemProxy */;
			sourceTree = BUILT_PRODUCTS_DIR;
		};
		8F54CA461DA429A600221131 /* deprotect */ = {
			isa = PBXReferenceProxy;
			fileType = "compiled.mach-o.executable";
			path = deprotect;
			remoteRef = 8F54CA451DA429A600221131 /* PBXContainerItemProxy */;
			sourceTree = BUILT_PRODUCTS_DIR;
		};
		8F54CA481DA429A600221131 /* formatType */ = {
			isa = PBXReferenceProxy;
			fileType = "compiled.mach-o.executable";
			path = formatType;
			remoteRef = 8F54CA471DA429A600221131 /* PBXContainerItemProxy */;
			sourceTree = BUILT_PRODUCTS_DIR;
		};
		8F54CA4A1DA429A600221131 /* UnitTests.xctest */ = {
			isa = PBXReferenceProxy;
			fileType = wrapper.cfbundle;
			path = UnitTests.xctest;
			remoteRef = 8F54CA491DA429A600221131 /* PBXContainerItemProxy */;
			sourceTree = BUILT_PRODUCTS_DIR;
		};
/* End PBXReferenceProxy section */

/* Begin PBXSourcesBuildPhase section */
		8F54CA271DA4292900221131 /* Sources */ = {
			isa = PBXSourcesBuildPhase;
			buildActionMask = 2147483647;
			files = (
				8F54CA371DA4298500221131 /* main.mm in Sources */,
			);
			runOnlyForDeploymentPostprocessing = 0;
		};
/* End PBXSourcesBuildPhase section */

/* Begin PBXTargetDependency section */
		8F9B90F81DA5028700F54214 /* PBXTargetDependency */ = {
			isa = PBXTargetDependency;
			name = MachObjC;
			targetProxy = 8F9B90F71DA5028700F54214 /* PBXContainerItemProxy */;
		};
/* End PBXTargetDependency section */

/* Begin XCBuildConfiguration section */
		8F54CA301DA4292900221131 /* Debug */ = {
			isa = XCBuildConfiguration;
			buildSettings = {
				ALWAYS_SEARCH_USER_PATHS = NO;
				CLANG_ANALYZER_NONNULL = YES;
				CLANG_CXX_LANGUAGE_STANDARD = "gnu++0x";
				CLANG_CXX_LIBRARY = "libc++";
				CLANG_ENABLE_MODULES = YES;
				CLANG_ENABLE_OBJC_ARC = YES;
				CLANG_WARN_BOOL_CONVERSION = YES;
				CLANG_WARN_CONSTANT_CONVERSION = YES;
				CLANG_WARN_DIRECT_OBJC_ISA_USAGE = YES_ERROR;
				CLANG_WARN_DOCUMENTATION_COMMENTS = YES;
				CLANG_WARN_EMPTY_BODY = YES;
				CLANG_WARN_ENUM_CONVERSION = YES;
				CLANG_WARN_INFINITE_RECURSION = YES;
				CLANG_WARN_INT_CONVERSION = YES;
				CLANG_WARN_OBJC_ROOT_CLASS = YES_ERROR;
				CLANG_WARN_SUSPICIOUS_MOVES = YES;
				CLANG_WARN_UNREACHABLE_CODE = YES;
				CLANG_WARN__DUPLICATE_METHOD_MATCH = YES;
				CODE_SIGN_IDENTITY = "-";
				COPY_PHASE_STRIP = NO;
				DEBUG_INFORMATION_FORMAT = dwarf;
				ENABLE_STRICT_OBJC_MSGSEND = YES;
				ENABLE_TESTABILITY = YES;
				GCC_C_LANGUAGE_STANDARD = gnu99;
				GCC_DYNAMIC_NO_PIC = NO;
				GCC_NO_COMMON_BLOCKS = YES;
				GCC_OPTIMIZATION_LEVEL = 0;
				GCC_PREPROCESSOR_DEFINITIONS = (
					"DEBUG=1",
					"$(inherited)",
				);
				GCC_WARN_64_TO_32_BIT_CONVERSION = YES;
				GCC_WARN_ABOUT_RETURN_TYPE = YES_ERROR;
				GCC_WARN_UNDECLARED_SELECTOR = YES;
				GCC_WARN_UNINITIALIZED_AUTOS = YES_AGGRESSIVE;
				GCC_WARN_UNUSED_FUNCTION = YES;
				GCC_WARN_UNUSED_VARIABLE = YES;
				MACOSX_DEPLOYMENT_TARGET = 10.11;
				MTL_ENABLE_DEBUG_INFO = YES;
				ONLY_ACTIVE_ARCH = YES;
				SDKROOT = macosx;
			};
			name = Debug;
		};
		8F54CA311DA4292900221131 /* Release */ = {
			isa = XCBuildConfiguration;
			buildSettings = {
				ALWAYS_SEARCH_USER_PATHS = NO;
				CLANG_ANALYZER_NONNULL = YES;
				CLANG_CXX_LANGUAGE_STANDARD = "gnu++0x";
				CLANG_CXX_LIBRARY = "libc++";
				CLANG_ENABLE_MODULES = YES;
				CLANG_ENABLE_OBJC_ARC = YES;
				CLANG_WARN_BOOL_CONVERSION = YES;
				CLANG_WARN_CONSTANT_CONVERSION = YES;
				CLANG_WARN_DIRECT_OBJC_ISA_USAGE = YES_ERROR;
				CLANG_WARN_DOCUMENTATION_COMMENTS = YES;
				CLANG_WARN_EMPTY_BODY = YES;
				CLANG_WARN_ENUM_CONVERSION = YES;
				CLANG_WARN_INFINITE_RECURSION = YES;
				CLANG_WARN_INT_CONVERSION = YES;
				CLANG_WARN_OBJC_ROOT_CLASS = YES_ERROR;
				CLANG_WARN_SUSPICIOUS_MOVES = YES;
				CLANG_WARN_UNREACHABLE_CODE = YES;
				CLANG_WARN__DUPLICATE_METHOD_MATCH = YES;
				CODE_SIGN_IDENTITY = "-";
				COPY_PHASE_STRIP = NO;
				DEBUG_INFORMATION_FORMAT = "dwarf-with-dsym";
				ENABLE_NS_ASSERTIONS = NO;
				ENABLE_STRICT_OBJC_MSGSEND = YES;
				GCC_C_LANGUAGE_STANDARD = gnu99;
				GCC_NO_COMMON_BLOCKS = YES;
				GCC_WARN_64_TO_32_BIT_CONVERSION = YES;
				GCC_WARN_ABOUT_RETURN_TYPE = YES_ERROR;
				GCC_WARN_UNDECLARED_SELECTOR = YES;
				GCC_WARN_UNINITIALIZED_AUTOS = YES_AGGRESSIVE;
				GCC_WARN_UNUSED_FUNCTION = YES;
				GCC_WARN_UNUSED_VARIABLE = YES;
				MACOSX_DEPLOYMENT_TARGET = 10.11;
				MTL_ENABLE_DEBUG_INFO = NO;
				SDKROOT = macosx;
			};
			name = Release;
		};
		8F54CA331DA4292900221131 /* Debug */ = {
			isa = XCBuildConfiguration;
			buildSettings = {
				PRODUCT_NAME = "$(TARGET_NAME)";
				USER_HEADER_SEARCH_PATHS = "$(SRCROOT)/class-dump/Source/**";
			};
			name = Debug;
		};
		8F54CA341DA4292900221131 /* Release */ = {
			isa = XCBuildConfiguration;
			buildSettings = {
				PRODUCT_NAME = "$(TARGET_NAME)";
				USER_HEADER_SEARCH_PATHS = "$(SRCROOT)/class-dump/Source/**";
			};
			name = Release;
		};
/* End XCBuildConfiguration section */

/* Begin XCConfigurationList section */
		8F54CA261DA4292900221131 /* Build configuration list for PBXProject "app2dylib" */ = {
			isa = XCConfigurationList;
			buildConfigurations = (
				8F54CA301DA4292900221131 /* Debug */,
				8F54CA311DA4292900221131 /* Release */,
			);
			defaultConfigurationIsVisible = 0;
			defaultConfigurationName = Release;
		};
		8F54CA321DA4292900221131 /* Build configuration list for PBXNativeTarget "app2dylib" */ = {
			isa = XCConfigurationList;
			buildConfigurations = (
				8F54CA331DA4292900221131 /* Debug */,
				8F54CA341DA4292900221131 /* Release */,
			);
			defaultConfigurationIsVisible = 0;
			defaultConfigurationName = Release;
		};
/* End XCConfigurationList section */
	};
	rootObject = 8F54CA231DA4292900221131 /* Project object */;
}
